
Microsoft Visual Studio Solution File, Format Version 12.00
Project("{FAE04EC0-301F-11D3-BF4B-00C04F79EFBC}") = "EclipseWorksTasks", "EclipseWorksTasks\EclipseWorksTasks.csproj", "{3884C782-6D3B-4027-AC0C-F0E855BB4065}"
EndProject
Project("{2150E333-8FDC-42A3-9474-1A3956D46DE8}") = "Solution Items", "Solution Items", "{B950DB27-0981-463F-9A49-07CDA0B3C3E9}"
EndProject
Global
	GlobalSection(SolutionConfigurationPlatforms) = preSolution
		Debug|Any CPU = Debug|Any CPU
		Release|Any CPU = Release|Any CPU
	EndGlobalSection
	GlobalSection(ProjectConfigurationPlatforms) = postSolution
		{3884C782-6D3B-4027-AC0C-F0E855BB4065}.Debug|Any CPU.ActiveCfg = Debug|Any CPU
		{3884C782-6D3B-4027-AC0C-F0E855BB4065}.Debug|Any CPU.Build.0 = Debug|Any CPU
		{3884C782-6D3B-4027-AC0C-F0E855BB4065}.Release|Any CPU.ActiveCfg = Release|Any CPU
		{3884C782-6D3B-4027-AC0C-F0E855BB4065}.Release|Any CPU.Build.0 = Release|Any CPU
	EndGlobalSection
EndGlobal
